# @generated - this file is auto-generated by `mise lock` https://mise.jdx.dev/dev-tools/mise-lock.html

[[tools."cargo:mdsf"]]
version = "0.11.0"
backend = "cargo:mdsf"

[[tools."pipx:prek"]]
version = "0.2.18"
backend = "pipx:prek"

[[tools."pipx:pytest-watcher"]]
version = "0.4.3"
backend = "pipx:pytest-watcher"

[[tools."pipx:tox"]]
version = "4.32.0"
backend = "pipx:tox"

[tools."pipx:tox".options]
uvx_args = "--with tox-uv==1.29.0"

[[tools.python]]
version = "3.10.15"
backend = "core:python"

[tools.python."platforms.linux-arm64"]
checksum = "sha256:6008b42df79a0c8a4efe3aa88c2aea1471116aa66881a8ed15f04d66438cb7f5"
url = "https://github.com/astral-sh/python-build-standalone/releases/download/20241016/cpython-3.10.15+20241016-aarch64-unknown-linux-gnu-install_only_stripped.tar.gz"

[tools.python."platforms.linux-arm64-musl"]
checksum = "sha256:6008b42df79a0c8a4efe3aa88c2aea1471116aa66881a8ed15f04d66438cb7f5"
url = "https://github.com/astral-sh/python-build-standalone/releases/download/20241016/cpython-3.10.15+20241016-aarch64-unknown-linux-gnu-install_only_stripped.tar.gz"

[tools.python."platforms.linux-x64"]
checksum = "blake3:11b68f55ac786adb58361bda858a80b5a01e185578a815ce448b3af5ba9de983"
url = "https://github.com/astral-sh/python-build-standalone/releases/download/20241016/cpython-3.10.15+20241016-x86_64-unknown-linux-gnu-install_only_stripped.tar.gz"

[tools.python."platforms.linux-x64-musl"]
checksum = "sha256:25fb8e23cd3b82b748075a04fd18f3183cc7316c11d6f59eb4b0326843892600"
url = "https://github.com/astral-sh/python-build-standalone/releases/download/20241016/cpython-3.10.15+20241016-x86_64-unknown-linux-gnu-install_only_stripped.tar.gz"

[tools.python."platforms.macos-arm64"]
checksum = "sha256:fa79bd909bfeb627ffe66a8b023153495ece659e5e3b2ff56268535024db851c"
url = "https://github.com/astral-sh/python-build-standalone/releases/download/20241016/cpython-3.10.15+20241016-aarch64-apple-darwin-install_only_stripped.tar.gz"

[tools.python."platforms.macos-x64"]
checksum = "sha256:0d952fa2342794523ea7beee6a58e79e62045d0f018314ce282e9f2f1427ee2c"
url = "https://github.com/astral-sh/python-build-standalone/releases/download/20241016/cpython-3.10.15+20241016-x86_64-apple-darwin-install_only_stripped.tar.gz"

[tools.python."platforms.windows-x64"]
checksum = "sha256:45a95225c659f9b988f444d985df347140ecc71c0297c6857febf5ef440d689a"
url = "https://github.com/astral-sh/python-build-standalone/releases/download/20241016/cpython-3.10.15+20241016-x86_64-pc-windows-msvc-install_only_stripped.tar.gz"

[[tools.python]]
version = "3.14.0"
backend = "core:python"

[tools.python."platforms.linux-arm64"]
checksum = "sha256:7603b1905e5d280191b2146599474fe35da0833c81a09512c28b9b77e651812d"
url = "https://github.com/astral-sh/python-build-standalone/releases/download/20251120/cpython-3.14.0+20251120-aarch64-unknown-linux-gnu-install_only_stripped.tar.gz"

[tools.python."platforms.linux-arm64-musl"]
checksum = "sha256:7603b1905e5d280191b2146599474fe35da0833c81a09512c28b9b77e651812d"
url = "https://github.com/astral-sh/python-build-standalone/releases/download/20251120/cpython-3.14.0+20251120-aarch64-unknown-linux-gnu-install_only_stripped.tar.gz"

[tools.python."platforms.linux-x64"]
checksum = "blake3:53d6d31892bc79df588305e7d803c52cd7996dec24f8a923aeb1cf8ad5a98a5c"
url = "https://github.com/astral-sh/python-build-standalone/releases/download/20251120/cpython-3.14.0+20251120-x86_64-unknown-linux-gnu-install_only_stripped.tar.gz"

[tools.python."platforms.linux-x64-musl"]
checksum = "sha256:66f385305ae0eefd6b65e2cf942bc91d943a61e26fb7581e029f760a2b04f393"
url = "https://github.com/astral-sh/python-build-standalone/releases/download/20251120/cpython-3.14.0+20251120-x86_64-unknown-linux-gnu-install_only_stripped.tar.gz"

[tools.python."platforms.macos-arm64"]
checksum = "sha256:5995f024e9c95ccbc87b9bb97152ad1ec9efcf9d76e0574cd37dd946afbea3c6"
url = "https://github.com/astral-sh/python-build-standalone/releases/download/20251120/cpython-3.14.0+20251120-aarch64-apple-darwin-install_only_stripped.tar.gz"

[tools.python."platforms.macos-x64"]
checksum = "sha256:eb0a5915f58c3dcb64d587e951f8942e6c9c6af63fab8bbb5596d1ce5738c2a4"
url = "https://github.com/astral-sh/python-build-standalone/releases/download/20251120/cpython-3.14.0+20251120-x86_64-apple-darwin-install_only_stripped.tar.gz"

[tools.python."platforms.windows-x64"]
checksum = "sha256:42a45020cff6a33e0d4f38f63d68c81240f0efa765e1e5a23693fb4c4a9f5e9a"
url = "https://github.com/astral-sh/python-build-standalone/releases/download/20251120/cpython-3.14.0+20251120-x86_64-pc-windows-msvc-install_only_stripped.tar.gz"

[[tools.uv]]
version = "0.9.11"
backend = "aqua:astral-sh/uv"

[tools.uv."platforms.linux-arm64"]
checksum = "sha256:26b33bb65714247dd865216e71c5528030c85c6de9ce06172152158ed7add70c"
url = "https://github.com/astral-sh/uv/releases/download/0.9.11/uv-aarch64-unknown-linux-musl.tar.gz"

[tools.uv."platforms.linux-arm64-musl"]
checksum = "sha256:26b33bb65714247dd865216e71c5528030c85c6de9ce06172152158ed7add70c"
url = "https://github.com/astral-sh/uv/releases/download/0.9.11/uv-aarch64-unknown-linux-musl.tar.gz"

[tools.uv."platforms.linux-x64"]
checksum = "sha256:5cc06fe71374a8883aeb2c83a141a4b5fac8584ee894ba31c5792254508b4e9a"
url = "https://github.com/astral-sh/uv/releases/download/0.9.11/uv-x86_64-unknown-linux-musl.tar.gz"

[tools.uv."platforms.linux-x64-musl"]
checksum = "sha256:5cc06fe71374a8883aeb2c83a141a4b5fac8584ee894ba31c5792254508b4e9a"
url = "https://github.com/astral-sh/uv/releases/download/0.9.11/uv-x86_64-unknown-linux-musl.tar.gz"

[tools.uv."platforms.macos-arm64"]
checksum = "sha256:594d9f4cfbd21d5a2f34b0352bf423066a9dab1733c90b5d40e3e227506deb03"
url = "https://github.com/astral-sh/uv/releases/download/0.9.11/uv-aarch64-apple-darwin.tar.gz"

[tools.uv."platforms.macos-x64"]
checksum = "sha256:14236594b4edbd90929d845766a41a1d4e51d530c9ebbedfb3d93688661f142c"
url = "https://github.com/astral-sh/uv/releases/download/0.9.11/uv-x86_64-apple-darwin.tar.gz"

[tools.uv."platforms.windows-x64"]
checksum = "sha256:45a3ff2a68c246ed9fd2d9df032496c1beebe480357f356ac25d2cb144884c30"
url = "https://github.com/astral-sh/uv/releases/download/0.9.11/uv-x86_64-pc-windows-msvc.zip"
